
Microsoft Visual Studio Solution File, Format Version 12.00
# Visual Studio Version 16
VisualStudioVersion = 16.0.30413.136
MinimumVisualStudioVersion = 10.0.40219.1
Project("{FAE04EC0-301F-11D3-BF4B-00C04F79EFBC}") = "CareActerVS", "CareActerVS\CareActerVS.csproj", "{11D94820-A934-481A-83F8-6590780EA6B6}"
EndProject
Global
	GlobalSection(SolutionConfigurationPlatforms) = preSolution
		Debug|Any CPU = Debug|Any CPU
		Release|Any CPU = Release|Any CPU
	EndGlobalSection
	GlobalSection(ProjectConfigurationPlatforms) = postSolution
		{11D94820-A934-481A-83F8-6590780EA6B6}.Debug|Any CPU.ActiveCfg = Debug|Any CPU
		{11D94820-A934-481A-83F8-6590780EA6B6}.Debug|Any CPU.Build.0 = Debug|Any CPU
		{11D94820-A934-481A-83F8-6590780EA6B6}.Release|Any CPU.ActiveCfg = Release|Any CPU
		{11D94820-A934-481A-83F8-6590780EA6B6}.Release|Any CPU.Build.0 = Release|Any CPU
	EndGlobalSection
	GlobalSection(SolutionProperties) = preSolution
		HideSolutionNode = FALSE
	EndGlobalSection
	GlobalSection(ExtensibilityGlobals) = postSolution
		SolutionGuid = {C41A38F3-5A6B-478C-8C31-5B2EE6B5EB49}
	EndGlobalSection
EndGlobal
